{
  "name": "globed-gremlin-bot",
  "lockfileVersion": 3,
  "requires": true,
  "packages": {
    "": {
      "name": "globed-gremlin-bot",
      "license": "MIT",
      "dependencies": {
        "@discordjs/collection": "^2.1.0",
        "@discordjs/core": "^1.2.0",
        "@discordjs/formatters": "^0.4.0",
        "@discordjs/rest": "^2.3.0",
        "@discordjs/util": "^1.1.0",
        "@discordjs/ws": "^1.1.1",
        "@prisma/client": "^5.16.1",
        "node-cron": "^3.0.3",
        "prompts": "^2.4.2"
      },
      "devDependencies": {
        "@types/node": "^20.14.9",
        "@types/node-cron": "^3.0.11",
        "@types/prompts": "^2.4.9",
        "prettier": "^3.3.2",
        "prisma": "^5.16.1",
        "typescript": "^5.5.3"
      }
    },
    "node_modules/@discordjs/collection": {
      "version": "2.1.0",
      "resolved": "https://registry.npmjs.org/@discordjs/collection/-/collection-2.1.0.tgz",
      "integrity": "sha512-mLcTACtXUuVgutoznkh6hS3UFqYirDYAg5Dc1m8xn6OvPjetnUlf/xjtqnnc47OwWdaoCQnHmHh9KofhD6uRqw==",
      "license": "Apache-2.0",
      "engines": {
        "node": ">=18"
      },
      "funding": {
        "url": "https://github.com/discordjs/discord.js?sponsor"
      }
    },
    "node_modules/@discordjs/core": {
      "version": "1.2.0",
      "resolved": "https://registry.npmjs.org/@discordjs/core/-/core-1.2.0.tgz",
      "integrity": "sha512-Swnw6OJXkY+n+Kh/HjAsC52poaxSRRr+vFO7EzPtKJ7MF+3KyhfvsN2r4bH5NTvossoHPExw3Pcq+9pKwmK8/Q==",
      "license": "Apache-2.0",
      "dependencies": {
        "@discordjs/rest": "^2.3.0",
        "@discordjs/util": "^1.1.0",
        "@discordjs/ws": "^1.1.0",
        "@sapphire/snowflake": "^3.5.3",
        "@vladfrangu/async_event_emitter": "^2.2.4",
        "discord-api-types": "0.37.83"
      },
      "engines": {
        "node": ">=18"
      },
      "funding": {
        "url": "https://github.com/discordjs/discord.js?sponsor"
      }
    },
    "node_modules/@discordjs/formatters": {
      "version": "0.4.0",
      "resolved": "https://registry.npmjs.org/@discordjs/formatters/-/formatters-0.4.0.tgz",
      "integrity": "sha512-fJ06TLC1NiruF35470q3Nr1bi95BdvKFAF+T5bNfZJ4bNdqZ3VZ+Ttg6SThqTxm6qumSG3choxLBHMC69WXNXQ==",
      "license": "Apache-2.0",
      "dependencies": {
        "discord-api-types": "0.37.83"
      },
      "engines": {
        "node": ">=16.11.0"
      },
      "funding": {
        "url": "https://github.com/discordjs/discord.js?sponsor"
      }
    },
    "node_modules/@discordjs/rest": {
      "version": "2.3.0",
      "resolved": "https://registry.npmjs.org/@discordjs/rest/-/rest-2.3.0.tgz",
      "integrity": "sha512-C1kAJK8aSYRv3ZwMG8cvrrW4GN0g5eMdP8AuN8ODH5DyOCbHgJspze1my3xHOAgwLJdKUbWNVyAeJ9cEdduqIg==",
      "license": "Apache-2.0",
      "dependencies": {
        "@discordjs/collection": "^2.1.0",
        "@discordjs/util": "^1.1.0",
        "@sapphire/async-queue": "^1.5.2",
        "@sapphire/snowflake": "^3.5.3",
        "@vladfrangu/async_event_emitter": "^2.2.4",
        "discord-api-types": "0.37.83",
        "magic-bytes.js": "^1.10.0",
        "tslib": "^2.6.2",
        "undici": "6.13.0"
      },
      "engines": {
        "node": ">=16.11.0"
      },
      "funding": {
        "url": "https://github.com/discordjs/discord.js?sponsor"
      }
    },
    "node_modules/@discordjs/util": {
      "version": "1.1.0",
      "resolved": "https://registry.npmjs.org/@discordjs/util/-/util-1.1.0.tgz",
      "integrity": "sha512-IndcI5hzlNZ7GS96RV3Xw1R2kaDuXEp7tRIy/KlhidpN/BQ1qh1NZt3377dMLTa44xDUNKT7hnXkA/oUAzD/lg==",
      "license": "Apache-2.0",
      "engines": {
        "node": ">=16.11.0"
      },
      "funding": {
        "url": "https://github.com/discordjs/discord.js?sponsor"
      }
    },
    "node_modules/@discordjs/ws": {
      "version": "1.1.1",
      "resolved": "https://registry.npmjs.org/@discordjs/ws/-/ws-1.1.1.tgz",
      "integrity": "sha512-PZ+vLpxGCRtmr2RMkqh8Zp+BenUaJqlS6xhgWKEZcgC/vfHLEzpHtKkB0sl3nZWpwtcKk6YWy+pU3okL2I97FA==",
      "license": "Apache-2.0",
      "dependencies": {
        "@discordjs/collection": "^2.1.0",
        "@discordjs/rest": "^2.3.0",
        "@discordjs/util": "^1.1.0",
        "@sapphire/async-queue": "^1.5.2",
        "@types/ws": "^8.5.10",
        "@vladfrangu/async_event_emitter": "^2.2.4",
        "discord-api-types": "0.37.83",
        "tslib": "^2.6.2",
        "ws": "^8.16.0"
      },
      "engines": {
        "node": ">=16.11.0"
      },
      "funding": {
        "url": "https://github.com/discordjs/discord.js?sponsor"
      }
    },
    "node_modules/@prisma/client": {
      "version": "5.16.1",
      "resolved": "https://registry.npmjs.org/@prisma/client/-/client-5.16.1.tgz",
      "integrity": "sha512-wM9SKQjF0qLxdnOZIVAIMKiz6Hu7vDt4FFAih85K1dk/Rr2mdahy6d3QP41K62N9O0DJJA//gUDA3Mp49xsKIg==",
      "hasInstallScript": true,
      "license": "Apache-2.0",
      "engines": {
        "node": ">=16.13"
      },
      "peerDependencies": {
        "prisma": "*"
      },
      "peerDependenciesMeta": {
        "prisma": {
          "optional": true
        }
      }
    },
    "node_modules/@prisma/debug": {
      "version": "5.16.1",
      "resolved": "https://registry.npmjs.org/@prisma/debug/-/debug-5.16.1.tgz",
      "integrity": "sha512-JsNgZAg6BD9RInLSrg7ZYzo11N7cVvYArq3fHGSD89HSgtN0VDdjV6bib7YddbcO6snzjchTiLfjeTqBjtArVQ==",
      "devOptional": true,
      "license": "Apache-2.0"
    },
    "node_modules/@prisma/engines": {
      "version": "5.16.1",
      "resolved": "https://registry.npmjs.org/@prisma/engines/-/engines-5.16.1.tgz",
      "integrity": "sha512-KkyF3eIUtBIyp5A/rJHCtwQO18OjpGgx18PzjyGcJDY/+vNgaVyuVd+TgwBgeq6NLdd1XMwRCI+58vinHsAdfA==",
      "devOptional": true,
      "hasInstallScript": true,
      "license": "Apache-2.0",
      "dependencies": {
        "@prisma/debug": "5.16.1",
        "@prisma/engines-version": "5.16.0-24.34ace0eb2704183d2c05b60b52fba5c43c13f303",
        "@prisma/fetch-engine": "5.16.1",
        "@prisma/get-platform": "5.16.1"
      }
    },
    "node_modules/@prisma/engines-version": {
      "version": "5.16.0-24.34ace0eb2704183d2c05b60b52fba5c43c13f303",
      "resolved": "https://registry.npmjs.org/@prisma/engines-version/-/engines-version-5.16.0-24.34ace0eb2704183d2c05b60b52fba5c43c13f303.tgz",
      "integrity": "sha512-HkT2WbfmFZ9WUPyuJHhkiADxazHg8Y4gByrTSVeb3OikP6tjQ7txtSUGu9OBOBH0C13dPKN2qqH12xKtHu/Hiw==",
      "devOptional": true,
      "license": "Apache-2.0"
    },
    "node_modules/@prisma/fetch-engine": {
      "version": "5.16.1",
      "resolved": "https://registry.npmjs.org/@prisma/fetch-engine/-/fetch-engine-5.16.1.tgz",
      "integrity": "sha512-oOkjaPU1lhcA/Rvr4GVfd1NLJBwExgNBE36Ueq7dr71kTMwy++a3U3oLd2ZwrV9dj9xoP6LjCcky799D9nEt4w==",
      "devOptional": true,
      "license": "Apache-2.0",
      "dependencies": {
        "@prisma/debug": "5.16.1",
        "@prisma/engines-version": "5.16.0-24.34ace0eb2704183d2c05b60b52fba5c43c13f303",
        "@prisma/get-platform": "5.16.1"
      }
    },
    "node_modules/@prisma/get-platform": {
      "version": "5.16.1",
      "resolved": "https://registry.npmjs.org/@prisma/get-platform/-/get-platform-5.16.1.tgz",
      "integrity": "sha512-R4IKnWnMkR2nUAbU5gjrPehdQYUUd7RENFD2/D+xXTNhcqczp0N+WEGQ3ViyI3+6mtVcjjNIMdnUTNyu3GxIgA==",
      "devOptional": true,
      "license": "Apache-2.0",
      "dependencies": {
        "@prisma/debug": "5.16.1"
      }
    },
    "node_modules/@sapphire/async-queue": {
      "version": "1.5.2",
      "resolved": "https://registry.npmjs.org/@sapphire/async-queue/-/async-queue-1.5.2.tgz",
      "integrity": "sha512-7X7FFAA4DngXUl95+hYbUF19bp1LGiffjJtu7ygrZrbdCSsdDDBaSjB7Akw0ZbOu6k0xpXyljnJ6/RZUvLfRdg==",
      "engines": {
        "node": ">=v14.0.0",
        "npm": ">=7.0.0"
      }
    },
    "node_modules/@sapphire/snowflake": {
      "version": "3.5.3",
      "resolved": "https://registry.npmjs.org/@sapphire/snowflake/-/snowflake-3.5.3.tgz",
      "integrity": "sha512-jjmJywLAFoWeBi1W7994zZyiNWPIiqRRNAmSERxyg93xRGzNYvGjlZ0gR6x0F4gPRi2+0O6S71kOZYyr3cxaIQ==",
      "engines": {
        "node": ">=v14.0.0",
        "npm": ">=7.0.0"
      }
    },
    "node_modules/@types/node": {
      "version": "20.14.9",
      "resolved": "https://registry.npmjs.org/@types/node/-/node-20.14.9.tgz",
      "integrity": "sha512-06OCtnTXtWOZBJlRApleWndH4JsRVs1pDCc8dLSQp+7PpUpX3ePdHyeNSFTeSe7FtKyQkrlPvHwJOW3SLd8Oyg==",
      "license": "MIT",
      "dependencies": {
        "undici-types": "~5.26.4"
      }
    },
    "node_modules/@types/node-cron": {
      "version": "3.0.11",
      "resolved": "https://registry.npmjs.org/@types/node-cron/-/node-cron-3.0.11.tgz",
      "integrity": "sha512-0ikrnug3/IyneSHqCBeslAhlK2aBfYek1fGo4bP4QnZPmiqSGRK+Oy7ZMisLWkesffJvQ1cqAcBnJC+8+nxIAg==",
      "dev": true,
      "license": "MIT"
    },
    "node_modules/@types/prompts": {
      "version": "2.4.9",
      "resolved": "https://registry.npmjs.org/@types/prompts/-/prompts-2.4.9.tgz",
      "integrity": "sha512-qTxFi6Buiu8+50/+3DGIWLHM6QuWsEKugJnnP6iv2Mc4ncxE4A/OJkjuVOA+5X0X1S/nq5VJRa8Lu+nwcvbrKA==",
      "dev": true,
      "license": "MIT",
      "dependencies": {
        "@types/node": "*",
        "kleur": "^3.0.3"
      }
    },
    "node_modules/@types/ws": {
      "version": "8.5.10",
      "resolved": "https://registry.npmjs.org/@types/ws/-/ws-8.5.10.tgz",
      "integrity": "sha512-vmQSUcfalpIq0R9q7uTo2lXs6eGIpt9wtnLdMv9LVpIjCA/+ufZRozlVoVelIYixx1ugCBKDhn89vnsEGOCx9A==",
      "dependencies": {
        "@types/node": "*"
      }
    },
    "node_modules/@vladfrangu/async_event_emitter": {
      "version": "2.2.4",
      "resolved": "https://registry.npmjs.org/@vladfrangu/async_event_emitter/-/async_event_emitter-2.2.4.tgz",
      "integrity": "sha512-ButUPz9E9cXMLgvAW8aLAKKJJsPu1dY1/l/E8xzLFuysowXygs6GBcyunK9rnGC4zTsnIc2mQo71rGw9U+Ykug==",
      "engines": {
        "node": ">=v14.0.0",
        "npm": ">=7.0.0"
      }
    },
    "node_modules/discord-api-types": {
      "version": "0.37.83",
      "resolved": "https://registry.npmjs.org/discord-api-types/-/discord-api-types-0.37.83.tgz",
      "integrity": "sha512-urGGYeWtWNYMKnYlZnOnDHm8fVRffQs3U0SpE8RHeiuLKb/u92APS8HoQnPTFbnXmY1vVnXjXO4dOxcAn3J+DA=="
    },
    "node_modules/kleur": {
      "version": "3.0.3",
      "resolved": "https://registry.npmjs.org/kleur/-/kleur-3.0.3.tgz",
      "integrity": "sha512-eTIzlVOSUR+JxdDFepEYcBMtZ9Qqdef+rnzWdRZuMbOywu5tO2w2N7rqjoANZ5k9vywhL6Br1VRjUIgTQx4E8w==",
      "engines": {
        "node": ">=6"
      }
    },
    "node_modules/magic-bytes.js": {
      "version": "1.10.0",
      "resolved": "https://registry.npmjs.org/magic-bytes.js/-/magic-bytes.js-1.10.0.tgz",
      "integrity": "sha512-/k20Lg2q8LE5xiaaSkMXk4sfvI+9EGEykFS4b0CHHGWqDYU0bGUFSwchNOMA56D7TCs9GwVTkqe9als1/ns8UQ=="
    },
    "node_modules/node-cron": {
      "version": "3.0.3",
      "resolved": "https://registry.npmjs.org/node-cron/-/node-cron-3.0.3.tgz",
      "integrity": "sha512-dOal67//nohNgYWb+nWmg5dkFdIwDm8EpeGYMekPMrngV3637lqnX0lbUcCtgibHTz6SEz7DAIjKvKDFYCnO1A==",
      "license": "ISC",
      "dependencies": {
        "uuid": "8.3.2"
      },
      "engines": {
        "node": ">=6.0.0"
      }
    },
    "node_modules/prettier": {
      "version": "3.3.2",
      "resolved": "https://registry.npmjs.org/prettier/-/prettier-3.3.2.tgz",
      "integrity": "sha512-rAVeHYMcv8ATV5d508CFdn+8/pHPpXeIid1DdrPwXnaAdH7cqjVbpJaT5eq4yRAFU/lsbwYwSF/n5iNrdJHPQA==",
      "dev": true,
      "license": "MIT",
      "bin": {
        "prettier": "bin/prettier.cjs"
      },
      "engines": {
        "node": ">=14"
      },
      "funding": {
        "url": "https://github.com/prettier/prettier?sponsor=1"
      }
    },
    "node_modules/prisma": {
      "version": "5.16.1",
      "resolved": "https://registry.npmjs.org/prisma/-/prisma-5.16.1.tgz",
      "integrity": "sha512-Z1Uqodk44diztImxALgJJfNl2Uisl9xDRvqybMKEBYJLNKNhDfAHf+ZIJbZyYiBhLMbKU9cYGdDVG5IIXEnL2Q==",
      "devOptional": true,
      "hasInstallScript": true,
      "license": "Apache-2.0",
      "dependencies": {
        "@prisma/engines": "5.16.1"
      },
      "bin": {
        "prisma": "build/index.js"
      },
      "engines": {
        "node": ">=16.13"
      }
    },
    "node_modules/prompts": {
      "version": "2.4.2",
      "resolved": "https://registry.npmjs.org/prompts/-/prompts-2.4.2.tgz",
      "integrity": "sha512-NxNv/kLguCA7p3jE8oL2aEBsrJWgAakBpgmgK6lpPWV+WuOmY6r2/zbAVnP+T8bQlA0nzHXSJSJW0Hq7ylaD2Q==",
      "license": "MIT",
      "dependencies": {
        "kleur": "^3.0.3",
        "sisteransi": "^1.0.5"
      },
      "engines": {
        "node": ">= 6"
      }
    },
    "node_modules/sisteransi": {
      "version": "1.0.5",
      "resolved": "https://registry.npmjs.org/sisteransi/-/sisteransi-1.0.5.tgz",
      "integrity": "sha512-bLGGlR1QxBcynn2d5YmDX4MGjlZvy2MRBDRNHLJ8VI6l6+9FUiyTFNJ0IveOSP0bcXgVDPRcfGqA0pjaqUpfVg=="
    },
    "node_modules/tslib": {
      "version": "2.6.2",
      "resolved": "https://registry.npmjs.org/tslib/-/tslib-2.6.2.tgz",
      "integrity": "sha512-AEYxH93jGFPn/a2iVAwW87VuUIkR1FVUKB77NwMF7nBTDkDrrT/Hpt/IrCJ0QXhW27jTBDcf5ZY7w6RiqTMw2Q=="
    },
    "node_modules/typescript": {
      "version": "5.5.3",
      "resolved": "https://registry.npmjs.org/typescript/-/typescript-5.5.3.tgz",
      "integrity": "sha512-/hreyEujaB0w76zKo6717l3L0o/qEUtRgdvUBvlkhoWeOVMjMuHNHk0BRBzikzuGDqNmPQbg5ifMEqsHLiIUcQ==",
      "dev": true,
      "license": "Apache-2.0",
      "bin": {
        "tsc": "bin/tsc",
        "tsserver": "bin/tsserver"
      },
      "engines": {
        "node": ">=14.17"
      }
    },
    "node_modules/undici": {
      "version": "6.13.0",
      "resolved": "https://registry.npmjs.org/undici/-/undici-6.13.0.tgz",
      "integrity": "sha512-Q2rtqmZWrbP8nePMq7mOJIN98M0fYvSgV89vwl/BQRT4mDOeY2GXZngfGpcBBhtky3woM7G24wZV3Q304Bv6cw==",
      "engines": {
        "node": ">=18.0"
      }
    },
    "node_modules/undici-types": {
      "version": "5.26.5",
      "resolved": "https://registry.npmjs.org/undici-types/-/undici-types-5.26.5.tgz",
      "integrity": "sha512-JlCMO+ehdEIKqlFxk6IfVoAUVmgz7cU7zD/h9XZ0qzeosSHmUJVOzSQvvYSYWXkFXC+IfLKSIffhv0sVZup6pA=="
    },
    "node_modules/uuid": {
      "version": "8.3.2",
      "resolved": "https://registry.npmjs.org/uuid/-/uuid-8.3.2.tgz",
      "integrity": "sha512-+NYs2QeMWy+GWFOEm9xnn6HCDp0l7QBD7ml8zLUmJ+93Q5NF0NocErnwkTkXVFNiX3/fpC6afS8Dhb/gz7R7eg==",
      "bin": {
        "uuid": "dist/bin/uuid"
      }
    },
    "node_modules/ws": {
      "version": "8.17.1",
      "resolved": "https://registry.npmjs.org/ws/-/ws-8.17.1.tgz",
      "integrity": "sha512-6XQFvXTkbfUOZOKKILFG1PDK2NDQs4azKQl26T0YS5CxqWLgXajbPZ+h4gZekJyRqFU8pvnbAbbs/3TgRPy+GQ==",
      "license": "MIT",
      "engines": {
        "node": ">=10.0.0"
      },
      "peerDependencies": {
        "bufferutil": "^4.0.1",
        "utf-8-validate": ">=5.0.2"
      },
      "peerDependenciesMeta": {
        "bufferutil": {
          "optional": true
        },
        "utf-8-validate": {
          "optional": true
        }
      }
    }
  }
}
